
Microsoft Visual Studio Solution File, Format Version 12.00
# Visual Studio Version 16
VisualStudioVersion = 16.0.31624.102
MinimumVisualStudioVersion = 10.0.40219.1
Project("{FAE04EC0-301F-11D3-BF4B-00C04F79EFBC}") = "Kabanova_NewLab_3_3", "Kabanova_NewLab_3_3\Kabanova_NewLab_3_3.csproj", "{D694220C-7AA6-41ED-92D8-E64045204E55}"
EndProject
Global
	GlobalSection(SolutionConfigurationPlatforms) = preSolution
		Debug|Any CPU = Debug|Any CPU
		Release|Any CPU = Release|Any CPU
	EndGlobalSection
	GlobalSection(ProjectConfigurationPlatforms) = postSolution
		{D694220C-7AA6-41ED-92D8-E64045204E55}.Debug|Any CPU.ActiveCfg = Debug|Any CPU
		{D694220C-7AA6-41ED-92D8-E64045204E55}.Debug|Any CPU.Build.0 = Debug|Any CPU
		{D694220C-7AA6-41ED-92D8-E64045204E55}.Release|Any CPU.ActiveCfg = Release|Any CPU
		{D694220C-7AA6-41ED-92D8-E64045204E55}.Release|Any CPU.Build.0 = Release|Any CPU
	EndGlobalSection
	GlobalSection(SolutionProperties) = preSolution
		HideSolutionNode = FALSE
	EndGlobalSection
	GlobalSection(ExtensibilityGlobals) = postSolution
		SolutionGuid = {8C141AB4-B336-48B4-8817-5299330D8382}
	EndGlobalSection
EndGlobal
